// !$*UTF8*$!
{
	archiveVersion = 1;
	classes = {
	};
	objectVersion = 46;
	objects = {

/* Begin PBXBuildFile section */
		112C13AF1C05C0A8007FDF2D /* SignInViewController.m in Sources */ = {isa = PBXBuildFile; fileRef = 112C13AE1C05C0A7007FDF2D /* SignInViewController.m */; };
		116A08BC1C05933800AA46D8 /* main.m in Sources */ = {isa = PBXBuildFile; fileRef = 116A08BB1C05933800AA46D8 /* main.m */; };
		116A08BF1C05933800AA46D8 /* AppDelegate.m in Sources */ = {isa = PBXBuildFile; fileRef = 116A08BE1C05933800AA46D8 /* AppDelegate.m */; };
		116A08C21C05933800AA46D8 /* ViewController.m in Sources */ = {isa = PBXBuildFile; fileRef = 116A08C11C05933800AA46D8 /* ViewController.m */; };
		116A08C51C05933800AA46D8 /* Main.storyboard in Resources */ = {isa = PBXBuildFile; fileRef = 116A08C31C05933800AA46D8 /* Main.storyboard */; };
		116A08C71C05933800AA46D8 /* Images.xcassets in Resources */ = {isa = PBXBuildFile; fileRef = 116A08C61C05933800AA46D8 /* Images.xcassets */; };
		116A08CA1C05933800AA46D8 /* LaunchScreen.xib in Resources */ = {isa = PBXBuildFile; fileRef = 116A08C81C05933800AA46D8 /* LaunchScreen.xib */; };
		116A08D61C05933800AA46D8 /* ChartingTests.m in Sources */ = {isa = PBXBuildFile; fileRef = 116A08D51C05933800AA46D8 /* ChartingTests.m */; };
		116A08E11C0599BC00AA46D8 /* PageContentViewController.m in Sources */ = {isa = PBXBuildFile; fileRef = 116A08E01C0599BC00AA46D8 /* PageContentViewController.m */; };
/* End PBXBuildFile section */

/* Begin PBXContainerItemProxy section */
		116A08D01C05933800AA46D8 /* PBXContainerItemProxy */ = {
			isa = PBXContainerItemProxy;
			containerPortal = 116A08AE1C05933800AA46D8 /* Project object */;
			proxyType = 1;
			remoteGlobalIDString = 116A08B51C05933800AA46D8;
			remoteInfo = Charting;
		};
/* End PBXContainerItemProxy section */

/* Begin PBXFileReference section */
		112C13AD1C05C0A7007FDF2D /* SignInViewController.h */ = {isa = PBXFileReference; fileEncoding = 4; lastKnownFileType = sourcecode.c.h; path = SignInViewController.h; sourceTree = "<group>"; };
		112C13AE1C05C0A7007FDF2D /* SignInViewController.m */ = {isa = PBXFileReference; fileEncoding = 4; lastKnownFileType = sourcecode.c.objc; path = SignInViewController.m; sourceTree = "<group>"; };
		116A08B61C05933800AA46D8 /* Charting.app */ = {isa = PBXFileReference; explicitFileType = wrapper.application; includeInIndex = 0; path = Charting.app; sourceTree = BUILT_PRODUCTS_DIR; };
		116A08BA1C05933800AA46D8 /* Info.plist */ = {isa = PBXFileReference; lastKnownFileType = text.plist.xml; path = Info.plist; sourceTree = "<group>"; };
		116A08BB1C05933800AA46D8 /* main.m */ = {isa = PBXFileReference; lastKnownFileType = sourcecode.c.objc; path = main.m; sourceTree = "<group>"; };
		116A08BD1C05933800AA46D8 /* AppDelegate.h */ = {isa = PBXFileReference; lastKnownFileType = sourcecode.c.h; path = AppDelegate.h; sourceTree = "<group>"; };
		116A08BE1C05933800AA46D8 /* AppDelegate.m */ = {isa = PBXFileReference; lastKnownFileType = sourcecode.c.objc; path = AppDelegate.m; sourceTree = "<group>"; };
		116A08C01C05933800AA46D8 /* ViewController.h */ = {isa = PBXFileReference; lastKnownFileType = sourcecode.c.h; path = ViewController.h; sourceTree = "<group>"; };
		116A08C11C05933800AA46D8 /* ViewController.m */ = {isa = PBXFileReference; lastKnownFileType = sourcecode.c.objc; path = ViewController.m; sourceTree = "<group>"; };
		116A08C41C05933800AA46D8 /* Base */ = {isa = PBXFileReference; lastKnownFileType = file.storyboard; name = Base; path = Base.lproj/Main.storyboard; sourceTree = "<group>"; };
		116A08C61C05933800AA46D8 /* Images.xcassets */ = {isa = PBXFileReference; lastKnownFileType = folder.assetcatalog; path = Images.xcassets; sourceTree = "<group>"; };
		116A08C91C05933800AA46D8 /* Base */ = {isa = PBXFileReference; lastKnownFileType = file.xib; name = Base; path = Base.lproj/LaunchScreen.xib; sourceTree = "<group>"; };
		116A08CF1C05933800AA46D8 /* ChartingTests.xctest */ = {isa = PBXFileReference; explicitFileType = wrapper.cfbundle; includeInIndex = 0; path = ChartingTests.xctest; sourceTree = BUILT_PRODUCTS_DIR; };
		116A08D41C05933800AA46D8 /* Info.plist */ = {isa = PBXFileReference; lastKnownFileType = text.plist.xml; path = Info.plist; sourceTree = "<group>"; };
		116A08D51C05933800AA46D8 /* ChartingTests.m */ = {isa = PBXFileReference; lastKnownFileType = sourcecode.c.objc; path = ChartingTests.m; sourceTree = "<group>"; };
		116A08DF1C0599BC00AA46D8 /* PageContentViewController.h */ = {isa = PBXFileReference; fileEncoding = 4; lastKnownFileType = sourcecode.c.h; path = PageContentViewController.h; sourceTree = "<group>"; };
		116A08E01C0599BC00AA46D8 /* PageContentViewController.m */ = {isa = PBXFileReference; fileEncoding = 4; lastKnownFileType = sourcecode.c.objc; path = PageContentViewController.m; sourceTree = "<group>"; };
/* End PBXFileReference section */

/* Begin PBXFrameworksBuildPhase section */
		116A08B31C05933800AA46D8 /* Frameworks */ = {
			isa = PBXFrameworksBuildPhase;
			buildActionMask = 2147483647;
			files = (
			);
			runOnlyForDeploymentPostprocessing = 0;
		};
		116A08CC1C05933800AA46D8 /* Frameworks */ = {
			isa = PBXFrameworksBuildPhase;
			buildActionMask = 2147483647;
			files = (
			);
			runOnlyForDeploymentPostprocessing = 0;
		};
/* End PBXFrameworksBuildPhase section */

/* Begin PBXGroup section */
		116A08AD1C05933800AA46D8 = {
			isa = PBXGroup;
			children = (
				116A08B81C05933800AA46D8 /* Charting */,
				116A08D21C05933800AA46D8 /* ChartingTests */,
				116A08B71C05933800AA46D8 /* Products */,
			);
			sourceTree = "<group>";
		};
		116A08B71C05933800AA46D8 /* Products */ = {
			isa = PBXGroup;
			children = (
				116A08B61C05933800AA46D8 /* Charting.app */,
				116A08CF1C05933800AA46D8 /* ChartingTests.xctest */,
			);
			name = Products;
			sourceTree = "<group>";
		};
		116A08B81C05933800AA46D8 /* Charting */ = {
			isa = PBXGroup;
			children = (
				116A08BD1C05933800AA46D8 /* AppDelegate.h */,
				116A08BE1C05933800AA46D8 /* AppDelegate.m */,
				116A08C01C05933800AA46D8 /* ViewController.h */,
				116A08C11C05933800AA46D8 /* ViewController.m */,
				116A08C31C05933800AA46D8 /* Main.storyboard */,
				116A08C61C05933800AA46D8 /* Images.xcassets */,
				116A08C81C05933800AA46D8 /* LaunchScreen.xib */,
				116A08B91C05933800AA46D8 /* Supporting Files */,
				116A08DF1C0599BC00AA46D8 /* PageContentViewController.h */,
				116A08E01C0599BC00AA46D8 /* PageContentViewController.m */,
				112C13AD1C05C0A7007FDF2D /* SignInViewController.h */,
				112C13AE1C05C0A7007FDF2D /* SignInViewController.m */,
			);
			path = Charting;
			sourceTree = "<group>";
		};
		116A08B91C05933800AA46D8 /* Supporting Files */ = {
			isa = PBXGroup;
			children = (
				116A08BA1C05933800AA46D8 /* Info.plist */,
				116A08BB1C05933800AA46D8 /* main.m */,
			);
			name = "Supporting Files";
			sourceTree = "<group>";
		};
		116A08D21C05933800AA46D8 /* ChartingTests */ = {
			isa = PBXGroup;
			children = (
				116A08D51C05933800AA46D8 /* ChartingTests.m */,
				116A08D31C05933800AA46D8 /* Supporting Files */,
			);
			path = ChartingTests;
			sourceTree = "<group>";
		};
		116A08D31C05933800AA46D8 /* Supporting Files */ = {
			isa = PBXGroup;
			children = (
				116A08D41C05933800AA46D8 /* Info.plist */,
			);
			name = "Supporting Files";
			sourceTree = "<group>";
		};
/* End PBXGroup section */

/* Begin PBXNativeTarget section */
		116A08B51C05933800AA46D8 /* Charting */ = {
			isa = PBXNativeTarget;
			buildConfigurationList = 116A08D91C05933800AA46D8 /* Build configuration list for PBXNativeTarget "Charting" */;
			buildPhases = (
				116A08B21C05933800AA46D8 /* Sources */,
				116A08B31C05933800AA46D8 /* Frameworks */,
				116A08B41C05933800AA46D8 /* Resources */,
			);
			buildRules = (
			);
			dependencies = (
			);
			name = Charting;
			productName = Charting;
			productReference = 116A08B61C05933800AA46D8 /* Charting.app */;
			productType = "com.apple.product-type.application";
		};
		116A08CE1C05933800AA46D8 /* ChartingTests */ = {
			isa = PBXNativeTarget;
			buildConfigurationList = 116A08DC1C05933800AA46D8 /* Build configuration list for PBXNativeTarget "ChartingTests" */;
			buildPhases = (
				116A08CB1C05933800AA46D8 /* Sources */,
				116A08CC1C05933800AA46D8 /* Frameworks */,
				116A08CD1C05933800AA46D8 /* Resources */,
			);
			buildRules = (
			);
			dependencies = (
				116A08D11C05933800AA46D8 /* PBXTargetDependency */,
			);
			name = ChartingTests;
			productName = ChartingTests;
			productReference = 116A08CF1C05933800AA46D8 /* ChartingTests.xctest */;
			productType = "com.apple.product-type.bundle.unit-test";
		};
/* End PBXNativeTarget section */

/* Begin PBXProject section */
		116A08AE1C05933800AA46D8 /* Project object */ = {
			isa = PBXProject;
			attributes = {
				LastUpgradeCheck = 0640;
				ORGANIZATIONNAME = sourcebits;
				TargetAttributes = {
					116A08B51C05933800AA46D8 = {
						CreatedOnToolsVersion = 6.4;
					};
					116A08CE1C05933800AA46D8 = {
						CreatedOnToolsVersion = 6.4;
						TestTargetID = 116A08B51C05933800AA46D8;
					};
				};
			};
			buildConfigurationList = 116A08B11C05933800AA46D8 /* Build configuration list for PBXProject "Charting" */;
			compatibilityVersion = "Xcode 3.2";
			developmentRegion = English;
			hasScannedForEncodings = 0;
			knownRegions = (
				en,
				Base,
			);
			mainGroup = 116A08AD1C05933800AA46D8;
			productRefGroup = 116A08B71C05933800AA46D8 /* Products */;
			projectDirPath = "";
			projectRoot = "";
			targets = (
				116A08B51C05933800AA46D8 /* Charting */,
				116A08CE1C05933800AA46D8 /* ChartingTests */,
			);
		};
/* End PBXProject section */

/* Begin PBXResourcesBuildPhase section */
		116A08B41C05933800AA46D8 /* Resources */ = {
			isa = PBXResourcesBuildPhase;
			buildActionMask = 2147483647;
			files = (
				116A08C51C05933800AA46D8 /* Main.storyboard in Resources */,
				116A08CA1C05933800AA46D8 /* LaunchScreen.xib in Resources */,
				116A08C71C05933800AA46D8 /* Images.xcassets in Resources */,
			);
			runOnlyForDeploymentPostprocessing = 0;
		};
		116A08CD1C05933800AA46D8 /* Resources */ = {
			isa = PBXResourcesBuildPhase;
			buildActionMask = 2147483647;
			files = (
			);
			runOnlyForDeploymentPostprocessing = 0;
		};
/* End PBXResourcesBuildPhase section */

/* Begin PBXSourcesBuildPhase section */
		116A08B21C05933800AA46D8 /* Sources */ = {
			isa = PBXSourcesBuildPhase;
			buildActionMask = 2147483647;
			files = (
				112C13AF1C05C0A8007FDF2D /* SignInViewController.m in Sources */,
				116A08C21C05933800AA46D8 /* ViewController.m in Sources */,
				116A08E11C0599BC00AA46D8 /* PageContentViewController.m in Sources */,
				116A08BF1C05933800AA46D8 /* AppDelegate.m in Sources */,
				116A08BC1C05933800AA46D8 /* main.m in Sources */,
			);
			runOnlyForDeploymentPostprocessing = 0;
		};
		116A08CB1C05933800AA46D8 /* Sources */ = {
			isa = PBXSourcesBuildPhase;
			buildActionMask = 2147483647;
			files = (
				116A08D61C05933800AA46D8 /* ChartingTests.m in Sources */,
			);
			runOnlyForDeploymentPostprocessing = 0;
		};
/* End PBXSourcesBuildPhase section */

/* Begin PBXTargetDependency section */
		116A08D11C05933800AA46D8 /* PBXTargetDependency */ = {
			isa = PBXTargetDependency;
			target = 116A08B51C05933800AA46D8 /* Charting */;
			targetProxy = 116A08D01C05933800AA46D8 /* PBXContainerItemProxy */;
		};
/* End PBXTargetDependency section */

/* Begin PBXVariantGroup section */
		116A08C31C05933800AA46D8 /* Main.storyboard */ = {
			isa = PBXVariantGroup;
			children = (
				116A08C41C05933800AA46D8 /* Base */,
			);
			name = Main.storyboard;
			sourceTree = "<group>";
		};
		116A08C81C05933800AA46D8 /* LaunchScreen.xib */ = {
			isa = PBXVariantGroup;
			children = (
				116A08C91C05933800AA46D8 /* Base */,
			);
			name = LaunchScreen.xib;
			sourceTree = "<group>";
		};
/* End PBXVariantGroup section */

/* Begin XCBuildConfiguration section */
		116A08D71C05933800AA46D8 /* Debug */ = {
			isa = XCBuildConfiguration;
			buildSettings = {
				ALWAYS_SEARCH_USER_PATHS = NO;
				CLANG_CXX_LANGUAGE_STANDARD = "gnu++0x";
				CLANG_CXX_LIBRARY = "libc++";
				CLANG_ENABLE_MODULES = YES;
				CLANG_ENABLE_OBJC_ARC = YES;
				CLANG_WARN_BOOL_CONVERSION = YES;
				CLANG_WARN_CONSTANT_CONVERSION = YES;
				CLANG_WARN_DIRECT_OBJC_ISA_USAGE = YES_ERROR;
				CLANG_WARN_EMPTY_BODY = YES;
				CLANG_WARN_ENUM_CONVERSION = YES;
				CLANG_WARN_INT_CONVERSION = YES;
				CLANG_WARN_OBJC_ROOT_CLASS = YES_ERROR;
				CLANG_WARN_UNREACHABLE_CODE = YES;
				CLANG_WARN__DUPLICATE_METHOD_MATCH = YES;
				"CODE_SIGN_IDENTITY[sdk=iphoneos*]" = "iPhone Developer";
				COPY_PHASE_STRIP = NO;
				DEBUG_INFORMATION_FORMAT = "dwarf-with-dsym";
				ENABLE_STRICT_OBJC_MSGSEND = YES;
				GCC_C_LANGUAGE_STANDARD = gnu99;
				GCC_DYNAMIC_NO_PIC = NO;
				GCC_NO_COMMON_BLOCKS = YES;
				GCC_OPTIMIZATION_LEVEL = 0;
				GCC_PREPROCESSOR_DEFINITIONS = (
					"DEBUG=1",
					"$(inherited)",
				);
				GCC_SYMBOLS_PRIVATE_EXTERN = NO;
				GCC_WARN_64_TO_32_BIT_CONVERSION = YES;
				GCC_WARN_ABOUT_RETURN_TYPE = YES_ERROR;
				GCC_WARN_UNDECLARED_SELECTOR = YES;
				GCC_WARN_UNINITIALIZED_AUTOS = YES_AGGRESSIVE;
				GCC_WARN_UNUSED_FUNCTION = YES;
				GCC_WARN_UNUSED_VARIABLE = YES;
				IPHONEOS_DEPLOYMENT_TARGET = 8.4;
				MTL_ENABLE_DEBUG_INFO = YES;
				ONLY_ACTIVE_ARCH = YES;
				SDKROOT = iphoneos;
			};
			name = Debug;
		};
		116A08D81C05933800AA46D8 /* Release */ = {
			isa = XCBuildConfiguration;
			buildSettings = {
				ALWAYS_SEARCH_USER_PATHS = NO;
				CLANG_CXX_LANGUAGE_STANDARD = "gnu++0x";
				CLANG_CXX_LIBRARY = "libc++";
				CLANG_ENABLE_MODULES = YES;
				CLANG_ENABLE_OBJC_ARC = YES;
				CLANG_WARN_BOOL_CONVERSION = YES;
				CLANG_WARN_CONSTANT_CONVERSION = YES;
				CLANG_WARN_DIRECT_OBJC_ISA_USAGE = YES_ERROR;
				CLANG_WARN_EMPTY_BODY = YES;
				CLANG_WARN_ENUM_CONVERSION = YES;
				CLANG_WARN_INT_CONVERSION = YES;
				CLANG_WARN_OBJC_ROOT_CLASS = YES_ERROR;
				CLANG_WARN_UNREACHABLE_CODE = YES;
				CLANG_WARN__DUPLICATE_METHOD_MATCH = YES;
				"CODE_SIGN_IDENTITY[sdk=iphoneos*]" = "iPhone Developer";
				COPY_PHASE_STRIP = NO;
				DEBUG_INFORMATION_FORMAT = "dwarf-with-dsym";
				ENABLE_NS_ASSERTIONS = NO;
				ENABLE_STRICT_OBJC_MSGSEND = YES;
				GCC_C_LANGUAGE_STANDARD = gnu99;
				GCC_NO_COMMON_BLOCKS = YES;
				GCC_WARN_64_TO_32_BIT_CONVERSION = YES;
				GCC_WARN_ABOUT_RETURN_TYPE = YES_ERROR;
				GCC_WARN_UNDECLARED_SELECTOR = YES;
				GCC_WARN_UNINITIALIZED_AUTOS = YES_AGGRESSIVE;
				GCC_WARN_UNUSED_FUNCTION = YES;
				GCC_WARN_UNUSED_VARIABLE = YES;
				IPHONEOS_DEPLOYMENT_TARGET = 8.4;
				MTL_ENABLE_DEBUG_INFO = NO;
				SDKROOT = iphoneos;
				VALIDATE_PRODUCT = YES;
			};
			name = Release;
		};
		116A08DA1C05933800AA46D8 /* Debug */ = {
			isa = XCBuildConfiguration;
			buildSettings = {
				ASSETCATALOG_COMPILER_APPICON_NAME = AppIcon;
				INFOPLIST_FILE = Charting/Info.plist;
				LD_RUNPATH_SEARCH_PATHS = "$(inherited) @executable_path/Frameworks";
				PRODUCT_NAME = "$(TARGET_NAME)";
			};
			name = Debug;
		};
		116A08DB1C05933800AA46D8 /* Release */ = {
			isa = XCBuildConfiguration;
			buildSettings = {
				ASSETCATALOG_COMPILER_APPICON_NAME = AppIcon;
				INFOPLIST_FILE = Charting/Info.plist;
				LD_RUNPATH_SEARCH_PATHS = "$(inherited) @executable_path/Frameworks";
				PRODUCT_NAME = "$(TARGET_NAME)";
			};
			name = Release;
		};
		116A08DD1C05933800AA46D8 /* Debug */ = {
			isa = XCBuildConfiguration;
			buildSettings = {
				BUNDLE_LOADER = "$(TEST_HOST)";
				FRAMEWORK_SEARCH_PATHS = (
					"$(SDKROOT)/Developer/Library/Frameworks",
					"$(inherited)",
				);
				GCC_PREPROCESSOR_DEFINITIONS = (
					"DEBUG=1",
					"$(inherited)",
				);
				INFOPLIST_FILE = ChartingTests/Info.plist;
				LD_RUNPATH_SEARCH_PATHS = "$(inherited) @executable_path/Frameworks @loader_path/Frameworks";
				PRODUCT_NAME = "$(TARGET_NAME)";
				TEST_HOST = "$(BUILT_PRODUCTS_DIR)/Charting.app/Charting";
			};
			name = Debug;
		};
		116A08DE1C05933800AA46D8 /* Release */ = {
			isa = XCBuildConfiguration;
			buildSettings = {
				BUNDLE_LOADER = "$(TEST_HOST)";
				FRAMEWORK_SEARCH_PATHS = (
					"$(SDKROOT)/Developer/Library/Frameworks",
					"$(inherited)",
				);
				INFOPLIST_FILE = ChartingTests/Info.plist;
				LD_RUNPATH_SEARCH_PATHS = "$(inherited) @executable_path/Frameworks @loader_path/Frameworks";
				PRODUCT_NAME = "$(TARGET_NAME)";
				TEST_HOST = "$(BUILT_PRODUCTS_DIR)/Charting.app/Charting";
			};
			name = Release;
		};
/* End XCBuildConfiguration section */

/* Begin XCConfigurationList section */
		116A08B11C05933800AA46D8 /* Build configuration list for PBXProject "Charting" */ = {
			isa = XCConfigurationList;
			buildConfigurations = (
				116A08D71C05933800AA46D8 /* Debug */,
				116A08D81C05933800AA46D8 /* Release */,
			);
			defaultConfigurationIsVisible = 0;
			defaultConfigurationName = Release;
		};
		116A08D91C05933800AA46D8 /* Build configuration list for PBXNativeTarget "Charting" */ = {
			isa = XCConfigurationList;
			buildConfigurations = (
				116A08DA1C05933800AA46D8 /* Debug */,
				116A08DB1C05933800AA46D8 /* Release */,
			);
			defaultConfigurationIsVisible = 0;
			defaultConfigurationName = Release;
		};
		116A08DC1C05933800AA46D8 /* Build configuration list for PBXNativeTarget "ChartingTests" */ = {
			isa = XCConfigurationList;
			buildConfigurations = (
				116A08DD1C05933800AA46D8 /* Debug */,
				116A08DE1C05933800AA46D8 /* Release */,
			);
			defaultConfigurationIsVisible = 0;
			defaultConfigurationName = Release;
		};
/* End XCConfigurationList section */
	};
	rootObject = 116A08AE1C05933800AA46D8 /* Project object */;
}
