// !$*UTF8*$!
{
	archiveVersion = 1;
	classes = {
	};
	objectVersion = 46;
	objects = {

/* Begin PBXBuildFile section */
		112C13AF1C05C0A8007FDF2D /* SignInViewController.m in Sources */ = {isa = PBXBuildFile; fileRef = 112C13AE1C05C0A7007FDF2D /* SignInViewController.m */; };
		116A08BC1C05933800AA46D8 /* main.m in Sources */ = {isa = PBXBuildFile; fileRef = 116A08BB1C05933800AA46D8 /* main.m */; };
		116A08BF1C05933800AA46D8 /* AppDelegate.m in Sources */ = {isa = PBXBuildFile; fileRef = 116A08BE1C05933800AA46D8 /* AppDelegate.m */; };
		116A08C21C05933800AA46D8 /* ViewController.m in Sources */ = {isa = PBXBuildFile; fileRef = 116A08C11C05933800AA46D8 /* ViewController.m */; };
		116A08C51C05933800AA46D8 /* Main.storyboard in Resources */ = {isa = PBXBuildFile; fileRef = 116A08C31C05933800AA46D8 /* Main.storyboard */; };
		116A08C71C05933800AA46D8 /* Images.xcassets in Resources */ = {isa = PBXBuildFile; fileRef = 116A08C61C05933800AA46D8 /* Images.xcassets */; };
		116A08CA1C05933800AA46D8 /* LaunchScreen.xib in Resources */ = {isa = PBXBuildFile; fileRef = 116A08C81C05933800AA46D8 /* LaunchScreen.xib */; };
		116A08D61C05933800AA46D8 /* ChartingTests.m in Sources */ = {isa = PBXBuildFile; fileRef = 116A08D51C05933800AA46D8 /* ChartingTests.m */; };
		116A08E11C0599BC00AA46D8 /* PageContentViewController.m in Sources */ = {isa = PBXBuildFile; fileRef = 116A08E01C0599BC00AA46D8 /* PageContentViewController.m */; };
		117DBEBB1C0DA73600E4AEF7 /* ChannelViewController.m in Sources */ = {isa = PBXBuildFile; fileRef = 117DBEBA1C0DA73600E4AEF7 /* ChannelViewController.m */; };
		117DBEC01C0DC10400E4AEF7 /* CAPSPageMenu.m in Sources */ = {isa = PBXBuildFile; fileRef = 117DBEBF1C0DC10400E4AEF7 /* CAPSPageMenu.m */; };
		117DBEC31C0DD52C00E4AEF7 /* PopularChannelViewController.m in Sources */ = {isa = PBXBuildFile; fileRef = 117DBEC21C0DD52C00E4AEF7 /* PopularChannelViewController.m */; };
		117DBEC61C0DD54200E4AEF7 /* RecentChannelViewController.m in Sources */ = {isa = PBXBuildFile; fileRef = 117DBEC51C0DD54200E4AEF7 /* RecentChannelViewController.m */; };
		117DBEC91C0DDD9D00E4AEF7 /* Video.m in Sources */ = {isa = PBXBuildFile; fileRef = 117DBEC81C0DDD9D00E4AEF7 /* Video.m */; };
		117DBED01C0DE2F300E4AEF7 /* ChannelDataController.m in Sources */ = {isa = PBXBuildFile; fileRef = 117DBECF1C0DE2F300E4AEF7 /* ChannelDataController.m */; };
		117DBED21C0EBE8300E4AEF7 /* bg.png in Resources */ = {isa = PBXBuildFile; fileRef = 117DBED11C0EBE8300E4AEF7 /* bg.png */; };
		117DBED51C0EFD4600E4AEF7 /* ServerConnectionManager.m in Sources */ = {isa = PBXBuildFile; fileRef = 117DBED41C0EFD4600E4AEF7 /* ServerConnectionManager.m */; };
		117DBED81C10208200E4AEF7 /* UserDataController.m in Sources */ = {isa = PBXBuildFile; fileRef = 117DBED71C10208200E4AEF7 /* UserDataController.m */; };
		117DBF911C10905000E4AEF7 /* MKAnnotationView+WebCache.m in Sources */ = {isa = PBXBuildFile; fileRef = 117DBF6F1C10905000E4AEF7 /* MKAnnotationView+WebCache.m */; };
		117DBF921C10905000E4AEF7 /* NSData+ImageContentType.m in Sources */ = {isa = PBXBuildFile; fileRef = 117DBF711C10905000E4AEF7 /* NSData+ImageContentType.m */; };
		117DBF931C10905000E4AEF7 /* SDImageCache.m in Sources */ = {isa = PBXBuildFile; fileRef = 117DBF731C10905000E4AEF7 /* SDImageCache.m */; };
		117DBF941C10905000E4AEF7 /* SDWebImageCompat.m in Sources */ = {isa = PBXBuildFile; fileRef = 117DBF751C10905000E4AEF7 /* SDWebImageCompat.m */; };
		117DBF951C10905000E4AEF7 /* SDWebImageDecoder.m in Sources */ = {isa = PBXBuildFile; fileRef = 117DBF771C10905000E4AEF7 /* SDWebImageDecoder.m */; };
		117DBF961C10905000E4AEF7 /* SDWebImageDownloader.m in Sources */ = {isa = PBXBuildFile; fileRef = 117DBF791C10905000E4AEF7 /* SDWebImageDownloader.m */; };
		117DBF971C10905000E4AEF7 /* SDWebImageDownloaderOperation.m in Sources */ = {isa = PBXBuildFile; fileRef = 117DBF7B1C10905000E4AEF7 /* SDWebImageDownloaderOperation.m */; };
		117DBF981C10905000E4AEF7 /* SDWebImageManager.m in Sources */ = {isa = PBXBuildFile; fileRef = 117DBF7D1C10905000E4AEF7 /* SDWebImageManager.m */; };
		117DBF991C10905000E4AEF7 /* SDWebImagePrefetcher.m in Sources */ = {isa = PBXBuildFile; fileRef = 117DBF801C10905000E4AEF7 /* SDWebImagePrefetcher.m */; };
		117DBF9A1C10905000E4AEF7 /* UIButton+WebCache.m in Sources */ = {isa = PBXBuildFile; fileRef = 117DBF821C10905000E4AEF7 /* UIButton+WebCache.m */; };
		117DBF9B1C10905000E4AEF7 /* UIImage+GIF.m in Sources */ = {isa = PBXBuildFile; fileRef = 117DBF841C10905000E4AEF7 /* UIImage+GIF.m */; };
		117DBF9C1C10905000E4AEF7 /* UIImage+MultiFormat.m in Sources */ = {isa = PBXBuildFile; fileRef = 117DBF861C10905000E4AEF7 /* UIImage+MultiFormat.m */; };
		117DBF9D1C10905000E4AEF7 /* UIImage+WebP.m in Sources */ = {isa = PBXBuildFile; fileRef = 117DBF881C10905000E4AEF7 /* UIImage+WebP.m */; };
		117DBF9E1C10905000E4AEF7 /* UIImageView+HighlightedWebCache.m in Sources */ = {isa = PBXBuildFile; fileRef = 117DBF8A1C10905000E4AEF7 /* UIImageView+HighlightedWebCache.m */; };
		117DBF9F1C10905000E4AEF7 /* UIImageView+WebCache.m in Sources */ = {isa = PBXBuildFile; fileRef = 117DBF8C1C10905000E4AEF7 /* UIImageView+WebCache.m */; };
		117DBFA01C10905000E4AEF7 /* UIView+WebCacheOperation.m in Sources */ = {isa = PBXBuildFile; fileRef = 117DBF8E1C10905000E4AEF7 /* UIView+WebCacheOperation.m */; };
		1183885F1C0C0B74007BD518 /* User.m in Sources */ = {isa = PBXBuildFile; fileRef = 1183885E1C0C0B74007BD518 /* User.m */; };
		118388621C0C1DDB007BD518 /* SignUpViewController.m in Sources */ = {isa = PBXBuildFile; fileRef = 118388611C0C1DDB007BD518 /* SignUpViewController.m */; };
		11FED8EB1C07101C00DF9625 /* LogoutViewController.m in Sources */ = {isa = PBXBuildFile; fileRef = 11FED8EA1C07101C00DF9625 /* LogoutViewController.m */; };
		11FED8F11C0735EC00DF9625 /* VideoInfoViewCell.m in Sources */ = {isa = PBXBuildFile; fileRef = 11FED8EF1C0735EC00DF9625 /* VideoInfoViewCell.m */; };
		11FED8F21C0735EC00DF9625 /* VideoInfoViewCell.xib in Resources */ = {isa = PBXBuildFile; fileRef = 11FED8F01C0735EC00DF9625 /* VideoInfoViewCell.xib */; };
/* End PBXBuildFile section */

/* Begin PBXContainerItemProxy section */
		116A08D01C05933800AA46D8 /* PBXContainerItemProxy */ = {
			isa = PBXContainerItemProxy;
			containerPortal = 116A08AE1C05933800AA46D8 /* Project object */;
			proxyType = 1;
			remoteGlobalIDString = 116A08B51C05933800AA46D8;
			remoteInfo = Charting;
		};
/* End PBXContainerItemProxy section */

/* Begin PBXFileReference section */
		112C13AD1C05C0A7007FDF2D /* SignInViewController.h */ = {isa = PBXFileReference; fileEncoding = 4; lastKnownFileType = sourcecode.c.h; path = SignInViewController.h; sourceTree = "<group>"; };
		112C13AE1C05C0A7007FDF2D /* SignInViewController.m */ = {isa = PBXFileReference; fileEncoding = 4; lastKnownFileType = sourcecode.c.objc; path = SignInViewController.m; sourceTree = "<group>"; };
		116A08B61C05933800AA46D8 /* Charting.app */ = {isa = PBXFileReference; explicitFileType = wrapper.application; includeInIndex = 0; path = Charting.app; sourceTree = BUILT_PRODUCTS_DIR; };
		116A08BA1C05933800AA46D8 /* Info.plist */ = {isa = PBXFileReference; lastKnownFileType = text.plist.xml; path = Info.plist; sourceTree = "<group>"; };
		116A08BB1C05933800AA46D8 /* main.m */ = {isa = PBXFileReference; lastKnownFileType = sourcecode.c.objc; path = main.m; sourceTree = "<group>"; };
		116A08BD1C05933800AA46D8 /* AppDelegate.h */ = {isa = PBXFileReference; lastKnownFileType = sourcecode.c.h; path = AppDelegate.h; sourceTree = "<group>"; };
		116A08BE1C05933800AA46D8 /* AppDelegate.m */ = {isa = PBXFileReference; lastKnownFileType = sourcecode.c.objc; path = AppDelegate.m; sourceTree = "<group>"; };
		116A08C01C05933800AA46D8 /* ViewController.h */ = {isa = PBXFileReference; lastKnownFileType = sourcecode.c.h; path = ViewController.h; sourceTree = "<group>"; };
		116A08C11C05933800AA46D8 /* ViewController.m */ = {isa = PBXFileReference; lastKnownFileType = sourcecode.c.objc; path = ViewController.m; sourceTree = "<group>"; };
		116A08C41C05933800AA46D8 /* Base */ = {isa = PBXFileReference; lastKnownFileType = file.storyboard; name = Base; path = Base.lproj/Main.storyboard; sourceTree = "<group>"; };
		116A08C61C05933800AA46D8 /* Images.xcassets */ = {isa = PBXFileReference; lastKnownFileType = folder.assetcatalog; path = Images.xcassets; sourceTree = "<group>"; };
		116A08C91C05933800AA46D8 /* Base */ = {isa = PBXFileReference; lastKnownFileType = file.xib; name = Base; path = Base.lproj/LaunchScreen.xib; sourceTree = "<group>"; };
		116A08CF1C05933800AA46D8 /* ChartingTests.xctest */ = {isa = PBXFileReference; explicitFileType = wrapper.cfbundle; includeInIndex = 0; path = ChartingTests.xctest; sourceTree = BUILT_PRODUCTS_DIR; };
		116A08D41C05933800AA46D8 /* Info.plist */ = {isa = PBXFileReference; lastKnownFileType = text.plist.xml; path = Info.plist; sourceTree = "<group>"; };
		116A08D51C05933800AA46D8 /* ChartingTests.m */ = {isa = PBXFileReference; lastKnownFileType = sourcecode.c.objc; path = ChartingTests.m; sourceTree = "<group>"; };
		116A08DF1C0599BC00AA46D8 /* PageContentViewController.h */ = {isa = PBXFileReference; fileEncoding = 4; lastKnownFileType = sourcecode.c.h; path = PageContentViewController.h; sourceTree = "<group>"; };
		116A08E01C0599BC00AA46D8 /* PageContentViewController.m */ = {isa = PBXFileReference; fileEncoding = 4; lastKnownFileType = sourcecode.c.objc; path = PageContentViewController.m; sourceTree = "<group>"; };
		117DBEB91C0DA73600E4AEF7 /* ChannelViewController.h */ = {isa = PBXFileReference; fileEncoding = 4; lastKnownFileType = sourcecode.c.h; path = ChannelViewController.h; sourceTree = "<group>"; };
		117DBEBA1C0DA73600E4AEF7 /* ChannelViewController.m */ = {isa = PBXFileReference; fileEncoding = 4; lastKnownFileType = sourcecode.c.objc; path = ChannelViewController.m; sourceTree = "<group>"; };
		117DBEBE1C0DC10400E4AEF7 /* CAPSPageMenu.h */ = {isa = PBXFileReference; fileEncoding = 4; lastKnownFileType = sourcecode.c.h; path = CAPSPageMenu.h; sourceTree = "<group>"; };
		117DBEBF1C0DC10400E4AEF7 /* CAPSPageMenu.m */ = {isa = PBXFileReference; fileEncoding = 4; lastKnownFileType = sourcecode.c.objc; path = CAPSPageMenu.m; sourceTree = "<group>"; };
		117DBEC11C0DD52C00E4AEF7 /* PopularChannelViewController.h */ = {isa = PBXFileReference; fileEncoding = 4; lastKnownFileType = sourcecode.c.h; path = PopularChannelViewController.h; sourceTree = "<group>"; };
		117DBEC21C0DD52C00E4AEF7 /* PopularChannelViewController.m */ = {isa = PBXFileReference; fileEncoding = 4; lastKnownFileType = sourcecode.c.objc; path = PopularChannelViewController.m; sourceTree = "<group>"; };
		117DBEC41C0DD54200E4AEF7 /* RecentChannelViewController.h */ = {isa = PBXFileReference; fileEncoding = 4; lastKnownFileType = sourcecode.c.h; path = RecentChannelViewController.h; sourceTree = "<group>"; };
		117DBEC51C0DD54200E4AEF7 /* RecentChannelViewController.m */ = {isa = PBXFileReference; fileEncoding = 4; lastKnownFileType = sourcecode.c.objc; path = RecentChannelViewController.m; sourceTree = "<group>"; };
		117DBEC71C0DDD9D00E4AEF7 /* Video.h */ = {isa = PBXFileReference; fileEncoding = 4; lastKnownFileType = sourcecode.c.h; path = Video.h; sourceTree = "<group>"; };
		117DBEC81C0DDD9D00E4AEF7 /* Video.m */ = {isa = PBXFileReference; fileEncoding = 4; lastKnownFileType = sourcecode.c.objc; path = Video.m; sourceTree = "<group>"; };
		117DBECE1C0DE2F300E4AEF7 /* ChannelDataController.h */ = {isa = PBXFileReference; fileEncoding = 4; lastKnownFileType = sourcecode.c.h; path = ChannelDataController.h; sourceTree = "<group>"; };
		117DBECF1C0DE2F300E4AEF7 /* ChannelDataController.m */ = {isa = PBXFileReference; fileEncoding = 4; lastKnownFileType = sourcecode.c.objc; path = ChannelDataController.m; sourceTree = "<group>"; };
		117DBED11C0EBE8300E4AEF7 /* bg.png */ = {isa = PBXFileReference; lastKnownFileType = image.png; path = bg.png; sourceTree = "<group>"; };
		117DBED31C0EFD4600E4AEF7 /* ServerConnectionManager.h */ = {isa = PBXFileReference; fileEncoding = 4; lastKnownFileType = sourcecode.c.h; path = ServerConnectionManager.h; sourceTree = "<group>"; };
		117DBED41C0EFD4600E4AEF7 /* ServerConnectionManager.m */ = {isa = PBXFileReference; fileEncoding = 4; lastKnownFileType = sourcecode.c.objc; path = ServerConnectionManager.m; sourceTree = "<group>"; };
		117DBED61C10208200E4AEF7 /* UserDataController.h */ = {isa = PBXFileReference; fileEncoding = 4; lastKnownFileType = sourcecode.c.h; path = UserDataController.h; sourceTree = "<group>"; };
		117DBED71C10208200E4AEF7 /* UserDataController.m */ = {isa = PBXFileReference; fileEncoding = 4; lastKnownFileType = sourcecode.c.objc; path = UserDataController.m; sourceTree = "<group>"; };
		117DBF6E1C10905000E4AEF7 /* MKAnnotationView+WebCache.h */ = {isa = PBXFileReference; fileEncoding = 4; lastKnownFileType = sourcecode.c.h; path = "MKAnnotationView+WebCache.h"; sourceTree = "<group>"; };
		117DBF6F1C10905000E4AEF7 /* MKAnnotationView+WebCache.m */ = {isa = PBXFileReference; fileEncoding = 4; lastKnownFileType = sourcecode.c.objc; path = "MKAnnotationView+WebCache.m"; sourceTree = "<group>"; };
		117DBF701C10905000E4AEF7 /* NSData+ImageContentType.h */ = {isa = PBXFileReference; fileEncoding = 4; lastKnownFileType = sourcecode.c.h; path = "NSData+ImageContentType.h"; sourceTree = "<group>"; };
		117DBF711C10905000E4AEF7 /* NSData+ImageContentType.m */ = {isa = PBXFileReference; fileEncoding = 4; lastKnownFileType = sourcecode.c.objc; path = "NSData+ImageContentType.m"; sourceTree = "<group>"; };
		117DBF721C10905000E4AEF7 /* SDImageCache.h */ = {isa = PBXFileReference; fileEncoding = 4; lastKnownFileType = sourcecode.c.h; path = SDImageCache.h; sourceTree = "<group>"; };
		117DBF731C10905000E4AEF7 /* SDImageCache.m */ = {isa = PBXFileReference; fileEncoding = 4; lastKnownFileType = sourcecode.c.objc; path = SDImageCache.m; sourceTree = "<group>"; };
		117DBF741C10905000E4AEF7 /* SDWebImageCompat.h */ = {isa = PBXFileReference; fileEncoding = 4; lastKnownFileType = sourcecode.c.h; path = SDWebImageCompat.h; sourceTree = "<group>"; };
		117DBF751C10905000E4AEF7 /* SDWebImageCompat.m */ = {isa = PBXFileReference; fileEncoding = 4; lastKnownFileType = sourcecode.c.objc; path = SDWebImageCompat.m; sourceTree = "<group>"; };
		117DBF761C10905000E4AEF7 /* SDWebImageDecoder.h */ = {isa = PBXFileReference; fileEncoding = 4; lastKnownFileType = sourcecode.c.h; path = SDWebImageDecoder.h; sourceTree = "<group>"; };
		117DBF771C10905000E4AEF7 /* SDWebImageDecoder.m */ = {isa = PBXFileReference; fileEncoding = 4; lastKnownFileType = sourcecode.c.objc; path = SDWebImageDecoder.m; sourceTree = "<group>"; };
		117DBF781C10905000E4AEF7 /* SDWebImageDownloader.h */ = {isa = PBXFileReference; fileEncoding = 4; lastKnownFileType = sourcecode.c.h; path = SDWebImageDownloader.h; sourceTree = "<group>"; };
		117DBF791C10905000E4AEF7 /* SDWebImageDownloader.m */ = {isa = PBXFileReference; fileEncoding = 4; lastKnownFileType = sourcecode.c.objc; path = SDWebImageDownloader.m; sourceTree = "<group>"; };
		117DBF7A1C10905000E4AEF7 /* SDWebImageDownloaderOperation.h */ = {isa = PBXFileReference; fileEncoding = 4; lastKnownFileType = sourcecode.c.h; path = SDWebImageDownloaderOperation.h; sourceTree = "<group>"; };
		117DBF7B1C10905000E4AEF7 /* SDWebImageDownloaderOperation.m */ = {isa = PBXFileReference; fileEncoding = 4; lastKnownFileType = sourcecode.c.objc; path = SDWebImageDownloaderOperation.m; sourceTree = "<group>"; };
		117DBF7C1C10905000E4AEF7 /* SDWebImageManager.h */ = {isa = PBXFileReference; fileEncoding = 4; lastKnownFileType = sourcecode.c.h; path = SDWebImageManager.h; sourceTree = "<group>"; };
		117DBF7D1C10905000E4AEF7 /* SDWebImageManager.m */ = {isa = PBXFileReference; fileEncoding = 4; lastKnownFileType = sourcecode.c.objc; path = SDWebImageManager.m; sourceTree = "<group>"; };
		117DBF7E1C10905000E4AEF7 /* SDWebImageOperation.h */ = {isa = PBXFileReference; fileEncoding = 4; lastKnownFileType = sourcecode.c.h; path = SDWebImageOperation.h; sourceTree = "<group>"; };
		117DBF7F1C10905000E4AEF7 /* SDWebImagePrefetcher.h */ = {isa = PBXFileReference; fileEncoding = 4; lastKnownFileType = sourcecode.c.h; path = SDWebImagePrefetcher.h; sourceTree = "<group>"; };
		117DBF801C10905000E4AEF7 /* SDWebImagePrefetcher.m */ = {isa = PBXFileReference; fileEncoding = 4; lastKnownFileType = sourcecode.c.objc; path = SDWebImagePrefetcher.m; sourceTree = "<group>"; };
		117DBF811C10905000E4AEF7 /* UIButton+WebCache.h */ = {isa = PBXFileReference; fileEncoding = 4; lastKnownFileType = sourcecode.c.h; path = "UIButton+WebCache.h"; sourceTree = "<group>"; };
		117DBF821C10905000E4AEF7 /* UIButton+WebCache.m */ = {isa = PBXFileReference; fileEncoding = 4; lastKnownFileType = sourcecode.c.objc; path = "UIButton+WebCache.m"; sourceTree = "<group>"; };
		117DBF831C10905000E4AEF7 /* UIImage+GIF.h */ = {isa = PBXFileReference; fileEncoding = 4; lastKnownFileType = sourcecode.c.h; path = "UIImage+GIF.h"; sourceTree = "<group>"; };
		117DBF841C10905000E4AEF7 /* UIImage+GIF.m */ = {isa = PBXFileReference; fileEncoding = 4; lastKnownFileType = sourcecode.c.objc; path = "UIImage+GIF.m"; sourceTree = "<group>"; };
		117DBF851C10905000E4AEF7 /* UIImage+MultiFormat.h */ = {isa = PBXFileReference; fileEncoding = 4; lastKnownFileType = sourcecode.c.h; path = "UIImage+MultiFormat.h"; sourceTree = "<group>"; };
		117DBF861C10905000E4AEF7 /* UIImage+MultiFormat.m */ = {isa = PBXFileReference; fileEncoding = 4; lastKnownFileType = sourcecode.c.objc; path = "UIImage+MultiFormat.m"; sourceTree = "<group>"; };
		117DBF871C10905000E4AEF7 /* UIImage+WebP.h */ = {isa = PBXFileReference; fileEncoding = 4; lastKnownFileType = sourcecode.c.h; path = "UIImage+WebP.h"; sourceTree = "<group>"; };
		117DBF881C10905000E4AEF7 /* UIImage+WebP.m */ = {isa = PBXFileReference; fileEncoding = 4; lastKnownFileType = sourcecode.c.objc; path = "UIImage+WebP.m"; sourceTree = "<group>"; };
		117DBF891C10905000E4AEF7 /* UIImageView+HighlightedWebCache.h */ = {isa = PBXFileReference; fileEncoding = 4; lastKnownFileType = sourcecode.c.h; path = "UIImageView+HighlightedWebCache.h"; sourceTree = "<group>"; };
		117DBF8A1C10905000E4AEF7 /* UIImageView+HighlightedWebCache.m */ = {isa = PBXFileReference; fileEncoding = 4; lastKnownFileType = sourcecode.c.objc; path = "UIImageView+HighlightedWebCache.m"; sourceTree = "<group>"; };
		117DBF8B1C10905000E4AEF7 /* UIImageView+WebCache.h */ = {isa = PBXFileReference; fileEncoding = 4; lastKnownFileType = sourcecode.c.h; path = "UIImageView+WebCache.h"; sourceTree = "<group>"; };
		117DBF8C1C10905000E4AEF7 /* UIImageView+WebCache.m */ = {isa = PBXFileReference; fileEncoding = 4; lastKnownFileType = sourcecode.c.objc; path = "UIImageView+WebCache.m"; sourceTree = "<group>"; };
		117DBF8D1C10905000E4AEF7 /* UIView+WebCacheOperation.h */ = {isa = PBXFileReference; fileEncoding = 4; lastKnownFileType = sourcecode.c.h; path = "UIView+WebCacheOperation.h"; sourceTree = "<group>"; };
		117DBF8E1C10905000E4AEF7 /* UIView+WebCacheOperation.m */ = {isa = PBXFileReference; fileEncoding = 4; lastKnownFileType = sourcecode.c.objc; path = "UIView+WebCacheOperation.m"; sourceTree = "<group>"; };
		117DBF8F1C10905000E4AEF7 /* WebImage.h */ = {isa = PBXFileReference; fileEncoding = 4; lastKnownFileType = sourcecode.c.h; path = WebImage.h; sourceTree = "<group>"; };
		1183885D1C0C0B74007BD518 /* User.h */ = {isa = PBXFileReference; fileEncoding = 4; lastKnownFileType = sourcecode.c.h; path = User.h; sourceTree = "<group>"; };
		1183885E1C0C0B74007BD518 /* User.m */ = {isa = PBXFileReference; fileEncoding = 4; lastKnownFileType = sourcecode.c.objc; path = User.m; sourceTree = "<group>"; };
		118388601C0C1DDB007BD518 /* SignUpViewController.h */ = {isa = PBXFileReference; fileEncoding = 4; lastKnownFileType = sourcecode.c.h; path = SignUpViewController.h; sourceTree = "<group>"; };
		118388611C0C1DDB007BD518 /* SignUpViewController.m */ = {isa = PBXFileReference; fileEncoding = 4; lastKnownFileType = sourcecode.c.objc; path = SignUpViewController.m; sourceTree = "<group>"; };
		11FED8E91C07101C00DF9625 /* LogoutViewController.h */ = {isa = PBXFileReference; fileEncoding = 4; lastKnownFileType = sourcecode.c.h; path = LogoutViewController.h; sourceTree = "<group>"; };
		11FED8EA1C07101C00DF9625 /* LogoutViewController.m */ = {isa = PBXFileReference; fileEncoding = 4; lastKnownFileType = sourcecode.c.objc; path = LogoutViewController.m; sourceTree = "<group>"; };
		11FED8EE1C0735EC00DF9625 /* VideoInfoViewCell.h */ = {isa = PBXFileReference; fileEncoding = 4; lastKnownFileType = sourcecode.c.h; path = VideoInfoViewCell.h; sourceTree = "<group>"; };
		11FED8EF1C0735EC00DF9625 /* VideoInfoViewCell.m */ = {isa = PBXFileReference; fileEncoding = 4; lastKnownFileType = sourcecode.c.objc; path = VideoInfoViewCell.m; sourceTree = "<group>"; };
		11FED8F01C0735EC00DF9625 /* VideoInfoViewCell.xib */ = {isa = PBXFileReference; fileEncoding = 4; lastKnownFileType = file.xib; path = VideoInfoViewCell.xib; sourceTree = "<group>"; };
/* End PBXFileReference section */

/* Begin PBXFrameworksBuildPhase section */
		116A08B31C05933800AA46D8 /* Frameworks */ = {
			isa = PBXFrameworksBuildPhase;
			buildActionMask = 2147483647;
			files = (
			);
			runOnlyForDeploymentPostprocessing = 0;
		};
		116A08CC1C05933800AA46D8 /* Frameworks */ = {
			isa = PBXFrameworksBuildPhase;
			buildActionMask = 2147483647;
			files = (
			);
			runOnlyForDeploymentPostprocessing = 0;
		};
/* End PBXFrameworksBuildPhase section */

/* Begin PBXGroup section */
		116A08AD1C05933800AA46D8 = {
			isa = PBXGroup;
			children = (
				117DBF6C1C10905000E4AEF7 /* WebImage */,
				117DBED11C0EBE8300E4AEF7 /* bg.png */,
				116A08B81C05933800AA46D8 /* Charting */,
				116A08D21C05933800AA46D8 /* ChartingTests */,
				116A08B71C05933800AA46D8 /* Products */,
			);
			sourceTree = "<group>";
		};
		116A08B71C05933800AA46D8 /* Products */ = {
			isa = PBXGroup;
			children = (
				116A08B61C05933800AA46D8 /* Charting.app */,
				116A08CF1C05933800AA46D8 /* ChartingTests.xctest */,
			);
			name = Products;
			sourceTree = "<group>";
		};
		116A08B81C05933800AA46D8 /* Charting */ = {
			isa = PBXGroup;
			children = (
				117DBECD1C0DE2D500E4AEF7 /* Data Controllers */,
				1183885C1C0C0B5F007BD518 /* Data Models */,
				11FED8ED1C07138A00DF9625 /* UI */,
				11FED8EC1C07137700DF9625 /* View Controllers */,
				116A08BD1C05933800AA46D8 /* AppDelegate.h */,
				116A08BE1C05933800AA46D8 /* AppDelegate.m */,
				116A08C61C05933800AA46D8 /* Images.xcassets */,
				116A08B91C05933800AA46D8 /* Supporting Files */,
				117DBED31C0EFD4600E4AEF7 /* ServerConnectionManager.h */,
				117DBED41C0EFD4600E4AEF7 /* ServerConnectionManager.m */,
			);
			path = Charting;
			sourceTree = "<group>";
		};
		116A08B91C05933800AA46D8 /* Supporting Files */ = {
			isa = PBXGroup;
			children = (
				116A08BA1C05933800AA46D8 /* Info.plist */,
				116A08BB1C05933800AA46D8 /* main.m */,
			);
			name = "Supporting Files";
			sourceTree = "<group>";
		};
		116A08D21C05933800AA46D8 /* ChartingTests */ = {
			isa = PBXGroup;
			children = (
				116A08D51C05933800AA46D8 /* ChartingTests.m */,
				116A08D31C05933800AA46D8 /* Supporting Files */,
			);
			path = ChartingTests;
			sourceTree = "<group>";
		};
		116A08D31C05933800AA46D8 /* Supporting Files */ = {
			isa = PBXGroup;
			children = (
				116A08D41C05933800AA46D8 /* Info.plist */,
			);
			name = "Supporting Files";
			sourceTree = "<group>";
		};
		117DBECA1C0DDEB400E4AEF7 /* Tutorial Controllers */ = {
			isa = PBXGroup;
			children = (
				116A08C01C05933800AA46D8 /* ViewController.h */,
				116A08C11C05933800AA46D8 /* ViewController.m */,
				116A08DF1C0599BC00AA46D8 /* PageContentViewController.h */,
				116A08E01C0599BC00AA46D8 /* PageContentViewController.m */,
			);
			name = "Tutorial Controllers";
			sourceTree = "<group>";
		};
		117DBECB1C0DDECF00E4AEF7 /* Sign In/Up Controllers */ = {
			isa = PBXGroup;
			children = (
				112C13AD1C05C0A7007FDF2D /* SignInViewController.h */,
				112C13AE1C05C0A7007FDF2D /* SignInViewController.m */,
				118388601C0C1DDB007BD518 /* SignUpViewController.h */,
				118388611C0C1DDB007BD518 /* SignUpViewController.m */,
				11FED8E91C07101C00DF9625 /* LogoutViewController.h */,
				11FED8EA1C07101C00DF9625 /* LogoutViewController.m */,
			);
			name = "Sign In/Up Controllers";
			sourceTree = "<group>";
		};
		117DBECC1C0DDEF800E4AEF7 /* Channel View Controllers */ = {
			isa = PBXGroup;
			children = (
				117DBEB91C0DA73600E4AEF7 /* ChannelViewController.h */,
				117DBEBA1C0DA73600E4AEF7 /* ChannelViewController.m */,
				117DBEC11C0DD52C00E4AEF7 /* PopularChannelViewController.h */,
				117DBEC21C0DD52C00E4AEF7 /* PopularChannelViewController.m */,
				117DBEC41C0DD54200E4AEF7 /* RecentChannelViewController.h */,
				117DBEC51C0DD54200E4AEF7 /* RecentChannelViewController.m */,
			);
			name = "Channel View Controllers";
			sourceTree = "<group>";
		};
		117DBECD1C0DE2D500E4AEF7 /* Data Controllers */ = {
			isa = PBXGroup;
			children = (
				117DBECE1C0DE2F300E4AEF7 /* ChannelDataController.h */,
				117DBECF1C0DE2F300E4AEF7 /* ChannelDataController.m */,
				117DBED61C10208200E4AEF7 /* UserDataController.h */,
				117DBED71C10208200E4AEF7 /* UserDataController.m */,
			);
			name = "Data Controllers";
			sourceTree = "<group>";
		};
		117DBF6C1C10905000E4AEF7 /* WebImage */ = {
			isa = PBXGroup;
			children = (
				117DBF6E1C10905000E4AEF7 /* MKAnnotationView+WebCache.h */,
				117DBF6F1C10905000E4AEF7 /* MKAnnotationView+WebCache.m */,
				117DBF701C10905000E4AEF7 /* NSData+ImageContentType.h */,
				117DBF711C10905000E4AEF7 /* NSData+ImageContentType.m */,
				117DBF721C10905000E4AEF7 /* SDImageCache.h */,
				117DBF731C10905000E4AEF7 /* SDImageCache.m */,
				117DBF741C10905000E4AEF7 /* SDWebImageCompat.h */,
				117DBF751C10905000E4AEF7 /* SDWebImageCompat.m */,
				117DBF761C10905000E4AEF7 /* SDWebImageDecoder.h */,
				117DBF771C10905000E4AEF7 /* SDWebImageDecoder.m */,
				117DBF781C10905000E4AEF7 /* SDWebImageDownloader.h */,
				117DBF791C10905000E4AEF7 /* SDWebImageDownloader.m */,
				117DBF7A1C10905000E4AEF7 /* SDWebImageDownloaderOperation.h */,
				117DBF7B1C10905000E4AEF7 /* SDWebImageDownloaderOperation.m */,
				117DBF7C1C10905000E4AEF7 /* SDWebImageManager.h */,
				117DBF7D1C10905000E4AEF7 /* SDWebImageManager.m */,
				117DBF7E1C10905000E4AEF7 /* SDWebImageOperation.h */,
				117DBF7F1C10905000E4AEF7 /* SDWebImagePrefetcher.h */,
				117DBF801C10905000E4AEF7 /* SDWebImagePrefetcher.m */,
				117DBF811C10905000E4AEF7 /* UIButton+WebCache.h */,
				117DBF821C10905000E4AEF7 /* UIButton+WebCache.m */,
				117DBF831C10905000E4AEF7 /* UIImage+GIF.h */,
				117DBF841C10905000E4AEF7 /* UIImage+GIF.m */,
				117DBF851C10905000E4AEF7 /* UIImage+MultiFormat.h */,
				117DBF861C10905000E4AEF7 /* UIImage+MultiFormat.m */,
				117DBF871C10905000E4AEF7 /* UIImage+WebP.h */,
				117DBF881C10905000E4AEF7 /* UIImage+WebP.m */,
				117DBF891C10905000E4AEF7 /* UIImageView+HighlightedWebCache.h */,
				117DBF8A1C10905000E4AEF7 /* UIImageView+HighlightedWebCache.m */,
				117DBF8B1C10905000E4AEF7 /* UIImageView+WebCache.h */,
				117DBF8C1C10905000E4AEF7 /* UIImageView+WebCache.m */,
				117DBF8D1C10905000E4AEF7 /* UIView+WebCacheOperation.h */,
				117DBF8E1C10905000E4AEF7 /* UIView+WebCacheOperation.m */,
				117DBF8F1C10905000E4AEF7 /* WebImage.h */,
			);
			path = WebImage;
			sourceTree = "<group>";
		};
		1183885C1C0C0B5F007BD518 /* Data Models */ = {
			isa = PBXGroup;
			children = (
				1183885D1C0C0B74007BD518 /* User.h */,
				1183885E1C0C0B74007BD518 /* User.m */,
				117DBEC71C0DDD9D00E4AEF7 /* Video.h */,
				117DBEC81C0DDD9D00E4AEF7 /* Video.m */,
			);
			name = "Data Models";
			sourceTree = "<group>";
		};
		11FED8EC1C07137700DF9625 /* View Controllers */ = {
			isa = PBXGroup;
			children = (
				117DBECC1C0DDEF800E4AEF7 /* Channel View Controllers */,
				117DBECB1C0DDECF00E4AEF7 /* Sign In/Up Controllers */,
				117DBECA1C0DDEB400E4AEF7 /* Tutorial Controllers */,
			);
			name = "View Controllers";
			sourceTree = "<group>";
		};
		11FED8ED1C07138A00DF9625 /* UI */ = {
			isa = PBXGroup;
			children = (
				117DBEBE1C0DC10400E4AEF7 /* CAPSPageMenu.h */,
				117DBEBF1C0DC10400E4AEF7 /* CAPSPageMenu.m */,
				116A08C31C05933800AA46D8 /* Main.storyboard */,
				116A08C81C05933800AA46D8 /* LaunchScreen.xib */,
				11FED8EE1C0735EC00DF9625 /* VideoInfoViewCell.h */,
				11FED8EF1C0735EC00DF9625 /* VideoInfoViewCell.m */,
				11FED8F01C0735EC00DF9625 /* VideoInfoViewCell.xib */,
			);
			name = UI;
			sourceTree = "<group>";
		};
/* End PBXGroup section */

/* Begin PBXNativeTarget section */
		116A08B51C05933800AA46D8 /* Charting */ = {
			isa = PBXNativeTarget;
			buildConfigurationList = 116A08D91C05933800AA46D8 /* Build configuration list for PBXNativeTarget "Charting" */;
			buildPhases = (
				116A08B21C05933800AA46D8 /* Sources */,
				116A08B31C05933800AA46D8 /* Frameworks */,
				116A08B41C05933800AA46D8 /* Resources */,
			);
			buildRules = (
			);
			dependencies = (
			);
			name = Charting;
			productName = Charting;
			productReference = 116A08B61C05933800AA46D8 /* Charting.app */;
			productType = "com.apple.product-type.application";
		};
		116A08CE1C05933800AA46D8 /* ChartingTests */ = {
			isa = PBXNativeTarget;
			buildConfigurationList = 116A08DC1C05933800AA46D8 /* Build configuration list for PBXNativeTarget "ChartingTests" */;
			buildPhases = (
				116A08CB1C05933800AA46D8 /* Sources */,
				116A08CC1C05933800AA46D8 /* Frameworks */,
				116A08CD1C05933800AA46D8 /* Resources */,
			);
			buildRules = (
			);
			dependencies = (
				116A08D11C05933800AA46D8 /* PBXTargetDependency */,
			);
			name = ChartingTests;
			productName = ChartingTests;
			productReference = 116A08CF1C05933800AA46D8 /* ChartingTests.xctest */;
			productType = "com.apple.product-type.bundle.unit-test";
		};
/* End PBXNativeTarget section */

/* Begin PBXProject section */
		116A08AE1C05933800AA46D8 /* Project object */ = {
			isa = PBXProject;
			attributes = {
				LastUpgradeCheck = 0640;
				ORGANIZATIONNAME = sourcebits;
				TargetAttributes = {
					116A08B51C05933800AA46D8 = {
						CreatedOnToolsVersion = 6.4;
					};
					116A08CE1C05933800AA46D8 = {
						CreatedOnToolsVersion = 6.4;
						TestTargetID = 116A08B51C05933800AA46D8;
					};
				};
			};
			buildConfigurationList = 116A08B11C05933800AA46D8 /* Build configuration list for PBXProject "Charting" */;
			compatibilityVersion = "Xcode 3.2";
			developmentRegion = English;
			hasScannedForEncodings = 0;
			knownRegions = (
				en,
				Base,
			);
			mainGroup = 116A08AD1C05933800AA46D8;
			productRefGroup = 116A08B71C05933800AA46D8 /* Products */;
			projectDirPath = "";
			projectRoot = "";
			targets = (
				116A08B51C05933800AA46D8 /* Charting */,
				116A08CE1C05933800AA46D8 /* ChartingTests */,
			);
		};
/* End PBXProject section */

/* Begin PBXResourcesBuildPhase section */
		116A08B41C05933800AA46D8 /* Resources */ = {
			isa = PBXResourcesBuildPhase;
			buildActionMask = 2147483647;
			files = (
				117DBED21C0EBE8300E4AEF7 /* bg.png in Resources */,
				11FED8F21C0735EC00DF9625 /* VideoInfoViewCell.xib in Resources */,
				116A08C51C05933800AA46D8 /* Main.storyboard in Resources */,
				116A08CA1C05933800AA46D8 /* LaunchScreen.xib in Resources */,
				116A08C71C05933800AA46D8 /* Images.xcassets in Resources */,
			);
			runOnlyForDeploymentPostprocessing = 0;
		};
		116A08CD1C05933800AA46D8 /* Resources */ = {
			isa = PBXResourcesBuildPhase;
			buildActionMask = 2147483647;
			files = (
			);
			runOnlyForDeploymentPostprocessing = 0;
		};
/* End PBXResourcesBuildPhase section */

/* Begin PBXSourcesBuildPhase section */
		116A08B21C05933800AA46D8 /* Sources */ = {
			isa = PBXSourcesBuildPhase;
			buildActionMask = 2147483647;
			files = (
				117DBF961C10905000E4AEF7 /* SDWebImageDownloader.m in Sources */,
				117DBED81C10208200E4AEF7 /* UserDataController.m in Sources */,
				112C13AF1C05C0A8007FDF2D /* SignInViewController.m in Sources */,
				117DBF991C10905000E4AEF7 /* SDWebImagePrefetcher.m in Sources */,
				117DBFA01C10905000E4AEF7 /* UIView+WebCacheOperation.m in Sources */,
				116A08C21C05933800AA46D8 /* ViewController.m in Sources */,
				117DBEC61C0DD54200E4AEF7 /* RecentChannelViewController.m in Sources */,
				117DBF9C1C10905000E4AEF7 /* UIImage+MultiFormat.m in Sources */,
				117DBF9D1C10905000E4AEF7 /* UIImage+WebP.m in Sources */,
				1183885F1C0C0B74007BD518 /* User.m in Sources */,
				117DBED01C0DE2F300E4AEF7 /* ChannelDataController.m in Sources */,
				117DBF9F1C10905000E4AEF7 /* UIImageView+WebCache.m in Sources */,
				116A08E11C0599BC00AA46D8 /* PageContentViewController.m in Sources */,
				117DBEC31C0DD52C00E4AEF7 /* PopularChannelViewController.m in Sources */,
				11FED8F11C0735EC00DF9625 /* VideoInfoViewCell.m in Sources */,
				117DBED51C0EFD4600E4AEF7 /* ServerConnectionManager.m in Sources */,
				118388621C0C1DDB007BD518 /* SignUpViewController.m in Sources */,
				117DBEC01C0DC10400E4AEF7 /* CAPSPageMenu.m in Sources */,
				117DBEBB1C0DA73600E4AEF7 /* ChannelViewController.m in Sources */,
				117DBF921C10905000E4AEF7 /* NSData+ImageContentType.m in Sources */,
				11FED8EB1C07101C00DF9625 /* LogoutViewController.m in Sources */,
				116A08BF1C05933800AA46D8 /* AppDelegate.m in Sources */,
				117DBF981C10905000E4AEF7 /* SDWebImageManager.m in Sources */,
				117DBF951C10905000E4AEF7 /* SDWebImageDecoder.m in Sources */,
				117DBF971C10905000E4AEF7 /* SDWebImageDownloaderOperation.m in Sources */,
				116A08BC1C05933800AA46D8 /* main.m in Sources */,
				117DBEC91C0DDD9D00E4AEF7 /* Video.m in Sources */,
				117DBF911C10905000E4AEF7 /* MKAnnotationView+WebCache.m in Sources */,
				117DBF941C10905000E4AEF7 /* SDWebImageCompat.m in Sources */,
				117DBF9A1C10905000E4AEF7 /* UIButton+WebCache.m in Sources */,
				117DBF9E1C10905000E4AEF7 /* UIImageView+HighlightedWebCache.m in Sources */,
				117DBF9B1C10905000E4AEF7 /* UIImage+GIF.m in Sources */,
				117DBF931C10905000E4AEF7 /* SDImageCache.m in Sources */,
			);
			runOnlyForDeploymentPostprocessing = 0;
		};
		116A08CB1C05933800AA46D8 /* Sources */ = {
			isa = PBXSourcesBuildPhase;
			buildActionMask = 2147483647;
			files = (
				116A08D61C05933800AA46D8 /* ChartingTests.m in Sources */,
			);
			runOnlyForDeploymentPostprocessing = 0;
		};
/* End PBXSourcesBuildPhase section */

/* Begin PBXTargetDependency section */
		116A08D11C05933800AA46D8 /* PBXTargetDependency */ = {
			isa = PBXTargetDependency;
			target = 116A08B51C05933800AA46D8 /* Charting */;
			targetProxy = 116A08D01C05933800AA46D8 /* PBXContainerItemProxy */;
		};
/* End PBXTargetDependency section */

/* Begin PBXVariantGroup section */
		116A08C31C05933800AA46D8 /* Main.storyboard */ = {
			isa = PBXVariantGroup;
			children = (
				116A08C41C05933800AA46D8 /* Base */,
			);
			name = Main.storyboard;
			sourceTree = "<group>";
		};
		116A08C81C05933800AA46D8 /* LaunchScreen.xib */ = {
			isa = PBXVariantGroup;
			children = (
				116A08C91C05933800AA46D8 /* Base */,
			);
			name = LaunchScreen.xib;
			sourceTree = "<group>";
		};
/* End PBXVariantGroup section */

/* Begin XCBuildConfiguration section */
		116A08D71C05933800AA46D8 /* Debug */ = {
			isa = XCBuildConfiguration;
			buildSettings = {
				ALWAYS_SEARCH_USER_PATHS = NO;
				CLANG_CXX_LANGUAGE_STANDARD = "gnu++0x";
				CLANG_CXX_LIBRARY = "libc++";
				CLANG_ENABLE_MODULES = YES;
				CLANG_ENABLE_OBJC_ARC = YES;
				CLANG_WARN_BOOL_CONVERSION = YES;
				CLANG_WARN_CONSTANT_CONVERSION = YES;
				CLANG_WARN_DIRECT_OBJC_ISA_USAGE = YES_ERROR;
				CLANG_WARN_EMPTY_BODY = YES;
				CLANG_WARN_ENUM_CONVERSION = YES;
				CLANG_WARN_INT_CONVERSION = YES;
				CLANG_WARN_OBJC_ROOT_CLASS = YES_ERROR;
				CLANG_WARN_UNREACHABLE_CODE = YES;
				CLANG_WARN__DUPLICATE_METHOD_MATCH = YES;
				"CODE_SIGN_IDENTITY[sdk=iphoneos*]" = "iPhone Developer";
				COPY_PHASE_STRIP = NO;
				DEBUG_INFORMATION_FORMAT = "dwarf-with-dsym";
				ENABLE_STRICT_OBJC_MSGSEND = YES;
				GCC_C_LANGUAGE_STANDARD = gnu99;
				GCC_DYNAMIC_NO_PIC = NO;
				GCC_NO_COMMON_BLOCKS = YES;
				GCC_OPTIMIZATION_LEVEL = 0;
				GCC_PREPROCESSOR_DEFINITIONS = (
					"DEBUG=1",
					"$(inherited)",
				);
				GCC_SYMBOLS_PRIVATE_EXTERN = NO;
				GCC_WARN_64_TO_32_BIT_CONVERSION = YES;
				GCC_WARN_ABOUT_RETURN_TYPE = YES_ERROR;
				GCC_WARN_UNDECLARED_SELECTOR = YES;
				GCC_WARN_UNINITIALIZED_AUTOS = YES_AGGRESSIVE;
				GCC_WARN_UNUSED_FUNCTION = YES;
				GCC_WARN_UNUSED_VARIABLE = YES;
				IPHONEOS_DEPLOYMENT_TARGET = 8.4;
				MTL_ENABLE_DEBUG_INFO = YES;
				ONLY_ACTIVE_ARCH = YES;
				SDKROOT = iphoneos;
			};
			name = Debug;
		};
		116A08D81C05933800AA46D8 /* Release */ = {
			isa = XCBuildConfiguration;
			buildSettings = {
				ALWAYS_SEARCH_USER_PATHS = NO;
				CLANG_CXX_LANGUAGE_STANDARD = "gnu++0x";
				CLANG_CXX_LIBRARY = "libc++";
				CLANG_ENABLE_MODULES = YES;
				CLANG_ENABLE_OBJC_ARC = YES;
				CLANG_WARN_BOOL_CONVERSION = YES;
				CLANG_WARN_CONSTANT_CONVERSION = YES;
				CLANG_WARN_DIRECT_OBJC_ISA_USAGE = YES_ERROR;
				CLANG_WARN_EMPTY_BODY = YES;
				CLANG_WARN_ENUM_CONVERSION = YES;
				CLANG_WARN_INT_CONVERSION = YES;
				CLANG_WARN_OBJC_ROOT_CLASS = YES_ERROR;
				CLANG_WARN_UNREACHABLE_CODE = YES;
				CLANG_WARN__DUPLICATE_METHOD_MATCH = YES;
				"CODE_SIGN_IDENTITY[sdk=iphoneos*]" = "iPhone Developer";
				COPY_PHASE_STRIP = NO;
				DEBUG_INFORMATION_FORMAT = "dwarf-with-dsym";
				ENABLE_NS_ASSERTIONS = NO;
				ENABLE_STRICT_OBJC_MSGSEND = YES;
				GCC_C_LANGUAGE_STANDARD = gnu99;
				GCC_NO_COMMON_BLOCKS = YES;
				GCC_WARN_64_TO_32_BIT_CONVERSION = YES;
				GCC_WARN_ABOUT_RETURN_TYPE = YES_ERROR;
				GCC_WARN_UNDECLARED_SELECTOR = YES;
				GCC_WARN_UNINITIALIZED_AUTOS = YES_AGGRESSIVE;
				GCC_WARN_UNUSED_FUNCTION = YES;
				GCC_WARN_UNUSED_VARIABLE = YES;
				IPHONEOS_DEPLOYMENT_TARGET = 8.4;
				MTL_ENABLE_DEBUG_INFO = NO;
				SDKROOT = iphoneos;
				VALIDATE_PRODUCT = YES;
			};
			name = Release;
		};
		116A08DA1C05933800AA46D8 /* Debug */ = {
			isa = XCBuildConfiguration;
			buildSettings = {
				ASSETCATALOG_COMPILER_APPICON_NAME = AppIcon;
				INFOPLIST_FILE = Charting/Info.plist;
				LD_RUNPATH_SEARCH_PATHS = "$(inherited) @executable_path/Frameworks";
				PRODUCT_NAME = "$(TARGET_NAME)";
			};
			name = Debug;
		};
		116A08DB1C05933800AA46D8 /* Release */ = {
			isa = XCBuildConfiguration;
			buildSettings = {
				ASSETCATALOG_COMPILER_APPICON_NAME = AppIcon;
				INFOPLIST_FILE = Charting/Info.plist;
				LD_RUNPATH_SEARCH_PATHS = "$(inherited) @executable_path/Frameworks";
				PRODUCT_NAME = "$(TARGET_NAME)";
			};
			name = Release;
		};
		116A08DD1C05933800AA46D8 /* Debug */ = {
			isa = XCBuildConfiguration;
			buildSettings = {
				BUNDLE_LOADER = "$(TEST_HOST)";
				FRAMEWORK_SEARCH_PATHS = (
					"$(SDKROOT)/Developer/Library/Frameworks",
					"$(inherited)",
				);
				GCC_PREPROCESSOR_DEFINITIONS = (
					"DEBUG=1",
					"$(inherited)",
				);
				INFOPLIST_FILE = ChartingTests/Info.plist;
				LD_RUNPATH_SEARCH_PATHS = "$(inherited) @executable_path/Frameworks @loader_path/Frameworks";
				PRODUCT_NAME = "$(TARGET_NAME)";
				TEST_HOST = "$(BUILT_PRODUCTS_DIR)/Charting.app/Charting";
			};
			name = Debug;
		};
		116A08DE1C05933800AA46D8 /* Release */ = {
			isa = XCBuildConfiguration;
			buildSettings = {
				BUNDLE_LOADER = "$(TEST_HOST)";
				FRAMEWORK_SEARCH_PATHS = (
					"$(SDKROOT)/Developer/Library/Frameworks",
					"$(inherited)",
				);
				INFOPLIST_FILE = ChartingTests/Info.plist;
				LD_RUNPATH_SEARCH_PATHS = "$(inherited) @executable_path/Frameworks @loader_path/Frameworks";
				PRODUCT_NAME = "$(TARGET_NAME)";
				TEST_HOST = "$(BUILT_PRODUCTS_DIR)/Charting.app/Charting";
			};
			name = Release;
		};
/* End XCBuildConfiguration section */

/* Begin XCConfigurationList section */
		116A08B11C05933800AA46D8 /* Build configuration list for PBXProject "Charting" */ = {
			isa = XCConfigurationList;
			buildConfigurations = (
				116A08D71C05933800AA46D8 /* Debug */,
				116A08D81C05933800AA46D8 /* Release */,
			);
			defaultConfigurationIsVisible = 0;
			defaultConfigurationName = Release;
		};
		116A08D91C05933800AA46D8 /* Build configuration list for PBXNativeTarget "Charting" */ = {
			isa = XCConfigurationList;
			buildConfigurations = (
				116A08DA1C05933800AA46D8 /* Debug */,
				116A08DB1C05933800AA46D8 /* Release */,
			);
			defaultConfigurationIsVisible = 0;
			defaultConfigurationName = Release;
		};
		116A08DC1C05933800AA46D8 /* Build configuration list for PBXNativeTarget "ChartingTests" */ = {
			isa = XCConfigurationList;
			buildConfigurations = (
				116A08DD1C05933800AA46D8 /* Debug */,
				116A08DE1C05933800AA46D8 /* Release */,
			);
			defaultConfigurationIsVisible = 0;
			defaultConfigurationName = Release;
		};
/* End XCConfigurationList section */
	};
	rootObject = 116A08AE1C05933800AA46D8 /* Project object */;
}
